
Microsoft Visual Studio Solution File, Format Version 12.00
# Visual Studio Version 17
VisualStudioVersion = 17.9.34701.34
MinimumVisualStudioVersion = 10.0.40219.1
Project("{FAE04EC0-301F-11D3-BF4B-00C04F79EFBC}") = "TarenCRM", "TarenCRM\TarenCRM.csproj", "{8B7CF83D-8BB7-45E0-926D-1FDB8714C78A}"
EndProject
Global
	GlobalSection(SolutionConfigurationPlatforms) = preSolution
		Debug|Any CPU = Debug|Any CPU
		Release|Any CPU = Release|Any CPU
	EndGlobalSection
	GlobalSection(ProjectConfigurationPlatforms) = postSolution
		{8B7CF83D-8BB7-45E0-926D-1FDB8714C78A}.Debug|Any CPU.ActiveCfg = Debug|Any CPU
		{8B7CF83D-8BB7-45E0-926D-1FDB8714C78A}.Debug|Any CPU.Build.0 = Debug|Any CPU
		{8B7CF83D-8BB7-45E0-926D-1FDB8714C78A}.Release|Any CPU.ActiveCfg = Release|Any CPU
		{8B7CF83D-8BB7-45E0-926D-1FDB8714C78A}.Release|Any CPU.Build.0 = Release|Any CPU
	EndGlobalSection
	GlobalSection(SolutionProperties) = preSolution
		HideSolutionNode = FALSE
	EndGlobalSection
	GlobalSection(ExtensibilityGlobals) = postSolution
		SolutionGuid = {3CB2ABD9-A96C-4507-9BDF-E623486BABA4}
	EndGlobalSection
EndGlobal
